
Microsoft Visual Studio Solution File, Format Version 12.00
Project("{FAE04EC0-301F-11D3-BF4B-00C04F79EFBC}") = "PiPhotoBooth.Presentation", "PiPhotoBooth.Presentation\PiPhotoBooth.Presentation.csproj", "{645EA3E7-1801-4197-9693-F97DA9D732AD}"
EndProject
Project("{FAE04EC0-301F-11D3-BF4B-00C04F79EFBC}") = "PiPhotoBooth.Core", "PiPhotoBooth.Core\PiPhotoBooth.Core.csproj", "{C192A091-B484-49A6-B79D-4B1CFF338982}"
EndProject
Project("{FAE04EC0-301F-11D3-BF4B-00C04F79EFBC}") = "PiPhotoBooth.Repository.LiteDb", "PiPhotoBooth.Repository.LiteDb\PiPhotoBooth.Repository.LiteDb.csproj", "{C392DA80-87FF-4638-8A34-7ED749F5604E}"
EndProject
Project("{FAE04EC0-301F-11D3-BF4B-00C04F79EFBC}") = "GPhoto2", "GPhoto2\GPhoto2.csproj", "{CF546A17-927E-4718-9363-C6F91C00D2C7}"
EndProject
Project("{2150E333-8FDC-42A3-9474-1A3956D46DE8}") = "Src", "Src", "{E008CCF4-D213-4CAB-8F23-18F146C57525}"
EndProject
Project("{2150E333-8FDC-42A3-9474-1A3956D46DE8}") = "Tests", "Tests", "{803C60FF-32C6-4567-BACA-007DAAEE1AD3}"
EndProject
Project("{FAE04EC0-301F-11D3-BF4B-00C04F79EFBC}") = "PiPhotoBoot.GPhoto2.Tests", "PiPhotoBoot.GPhoto2.Tests\PiPhotoBoot.GPhoto2.Tests.csproj", "{D91D13F3-4872-4063-B8D2-BEC3DC2123FC}"
EndProject
Project("{2150E333-8FDC-42A3-9474-1A3956D46DE8}") = "Lib", "Lib", "{348FFEFF-B786-4FE6-B818-ECC06CC87C98}"
EndProject
Project("{FAE04EC0-301F-11D3-BF4B-00C04F79EFBC}") = "PiPhotoBooth.CameraControl.GPhoto", "PiPhotoBooth.CameraControl.GPhoto\PiPhotoBooth.CameraControl.GPhoto.csproj", "{EEEE5841-B2C3-47FD-88FE-566DECD98F7B}"
EndProject
Project("{FAE04EC0-301F-11D3-BF4B-00C04F79EFBC}") = "PiPhotoBoot.CameraControl.Faker", "PiPhotoBoot.CameraControl.Faker\PiPhotoBoot.CameraControl.Faker.csproj", "{76B017CC-29AC-4275-AF51-234A6456EB43}"
EndProject
Global
	GlobalSection(SolutionConfigurationPlatforms) = preSolution
		Debug|Any CPU = Debug|Any CPU
		Release|Any CPU = Release|Any CPU
	EndGlobalSection
	GlobalSection(ProjectConfigurationPlatforms) = postSolution
		{645EA3E7-1801-4197-9693-F97DA9D732AD}.Debug|Any CPU.ActiveCfg = Debug|Any CPU
		{645EA3E7-1801-4197-9693-F97DA9D732AD}.Debug|Any CPU.Build.0 = Debug|Any CPU
		{645EA3E7-1801-4197-9693-F97DA9D732AD}.Release|Any CPU.ActiveCfg = Release|Any CPU
		{645EA3E7-1801-4197-9693-F97DA9D732AD}.Release|Any CPU.Build.0 = Release|Any CPU
		{C192A091-B484-49A6-B79D-4B1CFF338982}.Debug|Any CPU.ActiveCfg = Debug|Any CPU
		{C192A091-B484-49A6-B79D-4B1CFF338982}.Debug|Any CPU.Build.0 = Debug|Any CPU
		{C192A091-B484-49A6-B79D-4B1CFF338982}.Release|Any CPU.ActiveCfg = Release|Any CPU
		{C192A091-B484-49A6-B79D-4B1CFF338982}.Release|Any CPU.Build.0 = Release|Any CPU
		{C392DA80-87FF-4638-8A34-7ED749F5604E}.Debug|Any CPU.ActiveCfg = Debug|Any CPU
		{C392DA80-87FF-4638-8A34-7ED749F5604E}.Debug|Any CPU.Build.0 = Debug|Any CPU
		{C392DA80-87FF-4638-8A34-7ED749F5604E}.Release|Any CPU.ActiveCfg = Release|Any CPU
		{C392DA80-87FF-4638-8A34-7ED749F5604E}.Release|Any CPU.Build.0 = Release|Any CPU
		{CF546A17-927E-4718-9363-C6F91C00D2C7}.Debug|Any CPU.ActiveCfg = Debug|Any CPU
		{CF546A17-927E-4718-9363-C6F91C00D2C7}.Debug|Any CPU.Build.0 = Debug|Any CPU
		{CF546A17-927E-4718-9363-C6F91C00D2C7}.Release|Any CPU.ActiveCfg = Release|Any CPU
		{CF546A17-927E-4718-9363-C6F91C00D2C7}.Release|Any CPU.Build.0 = Release|Any CPU
		{D91D13F3-4872-4063-B8D2-BEC3DC2123FC}.Debug|Any CPU.ActiveCfg = Debug|Any CPU
		{D91D13F3-4872-4063-B8D2-BEC3DC2123FC}.Debug|Any CPU.Build.0 = Debug|Any CPU
		{D91D13F3-4872-4063-B8D2-BEC3DC2123FC}.Release|Any CPU.ActiveCfg = Release|Any CPU
		{D91D13F3-4872-4063-B8D2-BEC3DC2123FC}.Release|Any CPU.Build.0 = Release|Any CPU
		{EEEE5841-B2C3-47FD-88FE-566DECD98F7B}.Debug|Any CPU.ActiveCfg = Debug|Any CPU
		{EEEE5841-B2C3-47FD-88FE-566DECD98F7B}.Debug|Any CPU.Build.0 = Debug|Any CPU
		{EEEE5841-B2C3-47FD-88FE-566DECD98F7B}.Release|Any CPU.ActiveCfg = Release|Any CPU
		{EEEE5841-B2C3-47FD-88FE-566DECD98F7B}.Release|Any CPU.Build.0 = Release|Any CPU
		{76B017CC-29AC-4275-AF51-234A6456EB43}.Debug|Any CPU.ActiveCfg = Debug|Any CPU
		{76B017CC-29AC-4275-AF51-234A6456EB43}.Debug|Any CPU.Build.0 = Debug|Any CPU
		{76B017CC-29AC-4275-AF51-234A6456EB43}.Release|Any CPU.ActiveCfg = Release|Any CPU
		{76B017CC-29AC-4275-AF51-234A6456EB43}.Release|Any CPU.Build.0 = Release|Any CPU
	EndGlobalSection
	GlobalSection(NestedProjects) = preSolution
		{C192A091-B484-49A6-B79D-4B1CFF338982} = {E008CCF4-D213-4CAB-8F23-18F146C57525}
		{645EA3E7-1801-4197-9693-F97DA9D732AD} = {E008CCF4-D213-4CAB-8F23-18F146C57525}
		{C392DA80-87FF-4638-8A34-7ED749F5604E} = {E008CCF4-D213-4CAB-8F23-18F146C57525}
		{D91D13F3-4872-4063-B8D2-BEC3DC2123FC} = {803C60FF-32C6-4567-BACA-007DAAEE1AD3}
		{CF546A17-927E-4718-9363-C6F91C00D2C7} = {348FFEFF-B786-4FE6-B818-ECC06CC87C98}
		{EEEE5841-B2C3-47FD-88FE-566DECD98F7B} = {E008CCF4-D213-4CAB-8F23-18F146C57525}
		{76B017CC-29AC-4275-AF51-234A6456EB43} = {E008CCF4-D213-4CAB-8F23-18F146C57525}
	EndGlobalSection
EndGlobal
